// !$*UTF8*$!
{
	archiveVersion = 1;
	classes = {
	};
	objectVersion = 50;
	objects = {

/* Begin PBXBuildFile section */
		183129E89A23B13778E2B15B /* libPods-DemoBuild.a in Frameworks */ = {isa = PBXBuildFile; fileRef = 2A56A4894F69621D0FB6BDA3 /* libPods-DemoBuild.a */; };
		339D321B262BCCB800DA20D1 /* AppDelegate.swift in Sources */ = {isa = PBXBuildFile; fileRef = 339D321A262BCCB800DA20D1 /* AppDelegate.swift */; };
		339D321D262BCCB800DA20D1 /* SceneDelegate.swift in Sources */ = {isa = PBXBuildFile; fileRef = 339D321C262BCCB800DA20D1 /* SceneDelegate.swift */; };
		339D321F262BCCB800DA20D1 /* ViewController.swift in Sources */ = {isa = PBXBuildFile; fileRef = 339D321E262BCCB800DA20D1 /* ViewController.swift */; };
		339D3222262BCCB800DA20D1 /* Main.storyboard in Resources */ = {isa = PBXBuildFile; fileRef = 339D3220262BCCB800DA20D1 /* Main.storyboard */; };
		339D3224262BCCBB00DA20D1 /* Assets.xcassets in Resources */ = {isa = PBXBuildFile; fileRef = 339D3223262BCCBB00DA20D1 /* Assets.xcassets */; };
		339D3227262BCCBB00DA20D1 /* LaunchScreen.storyboard in Resources */ = {isa = PBXBuildFile; fileRef = 339D3225262BCCBB00DA20D1 /* LaunchScreen.storyboard */; };
/* End PBXBuildFile section */

/* Begin PBXFileReference section */
		2A56A4894F69621D0FB6BDA3 /* libPods-DemoBuild.a */ = {isa = PBXFileReference; explicitFileType = archive.ar; includeInIndex = 0; path = "libPods-DemoBuild.a"; sourceTree = BUILT_PRODUCTS_DIR; };
		339D3217262BCCB800DA20D1 /* DemoBuild.app */ = {isa = PBXFileReference; explicitFileType = wrapper.application; includeInIndex = 0; path = DemoBuild.app; sourceTree = BUILT_PRODUCTS_DIR; };
		339D321A262BCCB800DA20D1 /* AppDelegate.swift */ = {isa = PBXFileReference; lastKnownFileType = sourcecode.swift; path = AppDelegate.swift; sourceTree = "<group>"; };
		339D321C262BCCB800DA20D1 /* SceneDelegate.swift */ = {isa = PBXFileReference; lastKnownFileType = sourcecode.swift; path = SceneDelegate.swift; sourceTree = "<group>"; };
		339D321E262BCCB800DA20D1 /* ViewController.swift */ = {isa = PBXFileReference; lastKnownFileType = sourcecode.swift; path = ViewController.swift; sourceTree = "<group>"; };
		339D3221262BCCB800DA20D1 /* Base */ = {isa = PBXFileReference; lastKnownFileType = file.storyboard; name = Base; path = Base.lproj/Main.storyboard; sourceTree = "<group>"; };
		339D3223262BCCBB00DA20D1 /* Assets.xcassets */ = {isa = PBXFileReference; lastKnownFileType = folder.assetcatalog; path = Assets.xcassets; sourceTree = "<group>"; };
		339D3226262BCCBB00DA20D1 /* Base */ = {isa = PBXFileReference; lastKnownFileType = file.storyboard; name = Base; path = Base.lproj/LaunchScreen.storyboard; sourceTree = "<group>"; };
		339D3228262BCCBB00DA20D1 /* Info.plist */ = {isa = PBXFileReference; lastKnownFileType = text.plist.xml; path = Info.plist; sourceTree = "<group>"; };
		81768D1C9200F7F96B6FC4BE /* Pods-DemoBuild.debug.xcconfig */ = {isa = PBXFileReference; includeInIndex = 1; lastKnownFileType = text.xcconfig; name = "Pods-DemoBuild.debug.xcconfig"; path = "Target Support Files/Pods-DemoBuild/Pods-DemoBuild.debug.xcconfig"; sourceTree = "<group>"; };
		FEA4FA77A5CC840788439B49 /* Pods-DemoBuild.release.xcconfig */ = {isa = PBXFileReference; includeInIndex = 1; lastKnownFileType = text.xcconfig; name = "Pods-DemoBuild.release.xcconfig"; path = "Target Support Files/Pods-DemoBuild/Pods-DemoBuild.release.xcconfig"; sourceTree = "<group>"; };
/* End PBXFileReference section */

/* Begin PBXFrameworksBuildPhase section */
		339D3214262BCCB800DA20D1 /* Frameworks */ = {
			isa = PBXFrameworksBuildPhase;
			buildActionMask = 2147483647;
			files = (
				183129E89A23B13778E2B15B /* libPods-DemoBuild.a in Frameworks */,
			);
			runOnlyForDeploymentPostprocessing = 0;
		};
/* End PBXFrameworksBuildPhase section */

/* Begin PBXGroup section */
		339D320E262BCCB800DA20D1 = {
			isa = PBXGroup;
			children = (
				339D3219262BCCB800DA20D1 /* DemoBuild */,
				339D3218262BCCB800DA20D1 /* Products */,
				6789FF16F3F50A4F7753F582 /* Pods */,
				DEC3BB51B83163C087B52D8D /* Frameworks */,
			);
			sourceTree = "<group>";
		};
		339D3218262BCCB800DA20D1 /* Products */ = {
			isa = PBXGroup;
			children = (
				339D3217262BCCB800DA20D1 /* DemoBuild.app */,
			);
			name = Products;
			sourceTree = "<group>";
		};
		339D3219262BCCB800DA20D1 /* DemoBuild */ = {
			isa = PBXGroup;
			children = (
				339D321A262BCCB800DA20D1 /* AppDelegate.swift */,
				339D321C262BCCB800DA20D1 /* SceneDelegate.swift */,
				339D321E262BCCB800DA20D1 /* ViewController.swift */,
				339D3220262BCCB800DA20D1 /* Main.storyboard */,
				339D3223262BCCBB00DA20D1 /* Assets.xcassets */,
				339D3225262BCCBB00DA20D1 /* LaunchScreen.storyboard */,
				339D3228262BCCBB00DA20D1 /* Info.plist */,
			);
			path = DemoBuild;
			sourceTree = "<group>";
		};
		6789FF16F3F50A4F7753F582 /* Pods */ = {
			isa = PBXGroup;
			children = (
				81768D1C9200F7F96B6FC4BE /* Pods-DemoBuild.debug.xcconfig */,
				FEA4FA77A5CC840788439B49 /* Pods-DemoBuild.release.xcconfig */,
			);
			path = Pods;
			sourceTree = "<group>";
		};
		DEC3BB51B83163C087B52D8D /* Frameworks */ = {
			isa = PBXGroup;
			children = (
				2A56A4894F69621D0FB6BDA3 /* libPods-DemoBuild.a */,
			);
			name = Frameworks;
			sourceTree = "<group>";
		};
/* End PBXGroup section */

/* Begin PBXNativeTarget section */
		339D3216262BCCB800DA20D1 /* DemoBuild */ = {
			isa = PBXNativeTarget;
			buildConfigurationList = 339D322B262BCCBB00DA20D1 /* Build configuration list for PBXNativeTarget "DemoBuild" */;
			buildPhases = (
				7AEC44242E0A5FA69D46D842 /* [CP] Check Pods Manifest.lock */,
				339D3213262BCCB800DA20D1 /* Sources */,
				339D3214262BCCB800DA20D1 /* Frameworks */,
				339D3215262BCCB800DA20D1 /* Resources */,
			);
			buildRules = (
			);
			dependencies = (
			);
			name = DemoBuild;
			productName = DemoBuild;
			productReference = 339D3217262BCCB800DA20D1 /* DemoBuild.app */;
			productType = "com.apple.product-type.application";
		};
/* End PBXNativeTarget section */

/* Begin PBXProject section */
		339D320F262BCCB800DA20D1 /* Project object */ = {
			isa = PBXProject;
			attributes = {
				LastSwiftUpdateCheck = 1240;
				LastUpgradeCheck = 1240;
				TargetAttributes = {
					339D3216262BCCB800DA20D1 = {
						CreatedOnToolsVersion = 12.4;
					};
				};
			};
			buildConfigurationList = 339D3212262BCCB800DA20D1 /* Build configuration list for PBXProject "DemoBuild" */;
			compatibilityVersion = "Xcode 9.3";
			developmentRegion = en;
			hasScannedForEncodings = 0;
			knownRegions = (
				en,
				Base,
			);
			mainGroup = 339D320E262BCCB800DA20D1;
			productRefGroup = 339D3218262BCCB800DA20D1 /* Products */;
			projectDirPath = "";
			projectRoot = "";
			targets = (
				339D3216262BCCB800DA20D1 /* DemoBuild */,
			);
		};
/* End PBXProject section */

/* Begin PBXResourcesBuildPhase section */
		339D3215262BCCB800DA20D1 /* Resources */ = {
			isa = PBXResourcesBuildPhase;
			buildActionMask = 2147483647;
			files = (
				339D3227262BCCBB00DA20D1 /* LaunchScreen.storyboard in Resources */,
				339D3224262BCCBB00DA20D1 /* Assets.xcassets in Resources */,
				339D3222262BCCB800DA20D1 /* Main.storyboard in Resources */,
			);
			runOnlyForDeploymentPostprocessing = 0;
		};
/* End PBXResourcesBuildPhase section */

/* Begin PBXShellScriptBuildPhase section */
		7AEC44242E0A5FA69D46D842 /* [CP] Check Pods Manifest.lock */ = {
			isa = PBXShellScriptBuildPhase;
			buildActionMask = 2147483647;
			files = (
			);
			inputFileListPaths = (
			);
			inputPaths = (
				"${PODS_PODFILE_DIR_PATH}/Podfile.lock",
				"${PODS_ROOT}/Manifest.lock",
			);
			name = "[CP] Check Pods Manifest.lock";
			outputFileListPaths = (
			);
			outputPaths = (
				"$(DERIVED_FILE_DIR)/Pods-DemoBuild-checkManifestLockResult.txt",
			);
			runOnlyForDeploymentPostprocessing = 0;
			shellPath = /bin/sh;
			shellScript = "diff \"${PODS_PODFILE_DIR_PATH}/Podfile.lock\" \"${PODS_ROOT}/Manifest.lock\" > /dev/null\nif [ $? != 0 ] ; then\n    # print error to STDERR\n    echo \"error: The sandbox is not in sync with the Podfile.lock. Run 'pod install' or update your CocoaPods installation.\" >&2\n    exit 1\nfi\n# This output is used by Xcode 'outputs' to avoid re-running this script phase.\necho \"SUCCESS\" > \"${SCRIPT_OUTPUT_FILE_0}\"\n";
			showEnvVarsInLog = 0;
		};
/* End PBXShellScriptBuildPhase section */

/* Begin PBXSourcesBuildPhase section */
		339D3213262BCCB800DA20D1 /* Sources */ = {
			isa = PBXSourcesBuildPhase;
			buildActionMask = 2147483647;
			files = (
				339D321F262BCCB800DA20D1 /* ViewController.swift in Sources */,
				339D321B262BCCB800DA20D1 /* AppDelegate.swift in Sources */,
				339D321D262BCCB800DA20D1 /* SceneDelegate.swift in Sources */,
			);
			runOnlyForDeploymentPostprocessing = 0;
		};
/* End PBXSourcesBuildPhase section */

/* Begin PBXVariantGroup section */
		339D3220262BCCB800DA20D1 /* Main.storyboard */ = {
			isa = PBXVariantGroup;
			children = (
				339D3221262BCCB800DA20D1 /* Base */,
			);
			name = Main.storyboard;
			sourceTree = "<group>";
		};
		339D3225262BCCBB00DA20D1 /* LaunchScreen.storyboard */ = {
			isa = PBXVariantGroup;
			children = (
				339D3226262BCCBB00DA20D1 /* Base */,
			);
			name = LaunchScreen.storyboard;
			sourceTree = "<group>";
		};
/* End PBXVariantGroup section */

/* Begin XCBuildConfiguration section */
		339D3229262BCCBB00DA20D1 /* Debug */ = {
			isa = XCBuildConfiguration;
			buildSettings = {
				ALWAYS_SEARCH_USER_PATHS = NO;
				CLANG_ANALYZER_NONNULL = YES;
				CLANG_ANALYZER_NUMBER_OBJECT_CONVERSION = YES_AGGRESSIVE;
				CLANG_CXX_LANGUAGE_STANDARD = "gnu++14";
				CLANG_CXX_LIBRARY = "libc++";
				CLANG_ENABLE_MODULES = YES;
				CLANG_ENABLE_OBJC_ARC = YES;
				CLANG_ENABLE_OBJC_WEAK = YES;
				CLANG_WARN_BLOCK_CAPTURE_AUTORELEASING = YES;
				CLANG_WARN_BOOL_CONVERSION = YES;
				CLANG_WARN_COMMA = YES;
				CLANG_WARN_CONSTANT_CONVERSION = YES;
				CLANG_WARN_DEPRECATED_OBJC_IMPLEMENTATIONS = YES;
				CLANG_WARN_DIRECT_OBJC_ISA_USAGE = YES_ERROR;
				CLANG_WARN_DOCUMENTATION_COMMENTS = YES;
				CLANG_WARN_EMPTY_BODY = YES;
				CLANG_WARN_ENUM_CONVERSION = YES;
				CLANG_WARN_INFINITE_RECURSION = YES;
				CLANG_WARN_INT_CONVERSION = YES;
				CLANG_WARN_NON_LITERAL_NULL_CONVERSION = YES;
				CLANG_WARN_OBJC_IMPLICIT_RETAIN_SELF = YES;
				CLANG_WARN_OBJC_LITERAL_CONVERSION = YES;
				CLANG_WARN_OBJC_ROOT_CLASS = YES_ERROR;
				CLANG_WARN_QUOTED_INCLUDE_IN_FRAMEWORK_HEADER = YES;
				CLANG_WARN_RANGE_LOOP_ANALYSIS = YES;
				CLANG_WARN_STRICT_PROTOTYPES = YES;
				CLANG_WARN_SUSPICIOUS_MOVE = YES;
				CLANG_WARN_UNGUARDED_AVAILABILITY = YES_AGGRESSIVE;
				CLANG_WARN_UNREACHABLE_CODE = YES;
				CLANG_WARN__DUPLICATE_METHOD_MATCH = YES;
				COPY_PHASE_STRIP = NO;
				DEBUG_INFORMATION_FORMAT = dwarf;
				ENABLE_STRICT_OBJC_MSGSEND = YES;
				ENABLE_TESTABILITY = YES;
				GCC_C_LANGUAGE_STANDARD = gnu11;
				GCC_DYNAMIC_NO_PIC = NO;
				GCC_NO_COMMON_BLOCKS = YES;
				GCC_OPTIMIZATION_LEVEL = 0;
				GCC_PREPROCESSOR_DEFINITIONS = (
					"DEBUG=1",
					"$(inherited)",
				);
				GCC_WARN_64_TO_32_BIT_CONVERSION = YES;
				GCC_WARN_ABOUT_RETURN_TYPE = YES_ERROR;
				GCC_WARN_UNDECLARED_SELECTOR = YES;
				GCC_WARN_UNINITIALIZED_AUTOS = YES_AGGRESSIVE;
				GCC_WARN_UNUSED_FUNCTION = YES;
				GCC_WARN_UNUSED_VARIABLE = YES;
				IPHONEOS_DEPLOYMENT_TARGET = 14.4;
				MTL_ENABLE_DEBUG_INFO = INCLUDE_SOURCE;
				MTL_FAST_MATH = YES;
				ONLY_ACTIVE_ARCH = YES;
				SDKROOT = iphoneos;
				SWIFT_ACTIVE_COMPILATION_CONDITIONS = DEBUG;
				SWIFT_OPTIMIZATION_LEVEL = "-Onone";
			};
			name = Debug;
		};
		339D322A262BCCBB00DA20D1 /* Release */ = {
			isa = XCBuildConfiguration;
			buildSettings = {
				ALWAYS_SEARCH_USER_PATHS = NO;
				CLANG_ANALYZER_NONNULL = YES;
				CLANG_ANALYZER_NUMBER_OBJECT_CONVERSION = YES_AGGRESSIVE;
				CLANG_CXX_LANGUAGE_STANDARD = "gnu++14";
				CLANG_CXX_LIBRARY = "libc++";
				CLANG_ENABLE_MODULES = YES;
				CLANG_ENABLE_OBJC_ARC = YES;
				CLANG_ENABLE_OBJC_WEAK = YES;
				CLANG_WARN_BLOCK_CAPTURE_AUTORELEASING = YES;
				CLANG_WARN_BOOL_CONVERSION = YES;
				CLANG_WARN_COMMA = YES;
				CLANG_WARN_CONSTANT_CONVERSION = YES;
				CLANG_WARN_DEPRECATED_OBJC_IMPLEMENTATIONS = YES;
				CLANG_WARN_DIRECT_OBJC_ISA_USAGE = YES_ERROR;
				CLANG_WARN_DOCUMENTATION_COMMENTS = YES;
				CLANG_WARN_EMPTY_BODY = YES;
				CLANG_WARN_ENUM_CONVERSION = YES;
				CLANG_WARN_INFINITE_RECURSION = YES;
				CLANG_WARN_INT_CONVERSION = YES;
				CLANG_WARN_NON_LITERAL_NULL_CONVERSION = YES;
				CLANG_WARN_OBJC_IMPLICIT_RETAIN_SELF = YES;
				CLANG_WARN_OBJC_LITERAL_CONVERSION = YES;
				CLANG_WARN_OBJC_ROOT_CLASS = YES_ERROR;
				CLANG_WARN_QUOTED_INCLUDE_IN_FRAMEWORK_HEADER = YES;
				CLANG_WARN_RANGE_LOOP_ANALYSIS = YES;
				CLANG_WARN_STRICT_PROTOTYPES = YES;
				CLANG_WARN_SUSPICIOUS_MOVE = YES;
				CLANG_WARN_UNGUARDED_AVAILABILITY = YES_AGGRESSIVE;
				CLANG_WARN_UNREACHABLE_CODE = YES;
				CLANG_WARN__DUPLICATE_METHOD_MATCH = YES;
				COPY_PHASE_STRIP = NO;
				DEBUG_INFORMATION_FORMAT = "dwarf-with-dsym";
				ENABLE_NS_ASSERTIONS = NO;
				ENABLE_STRICT_OBJC_MSGSEND = YES;
				GCC_C_LANGUAGE_STANDARD = gnu11;
				GCC_NO_COMMON_BLOCKS = YES;
				GCC_WARN_64_TO_32_BIT_CONVERSION = YES;
				GCC_WARN_ABOUT_RETURN_TYPE = YES_ERROR;
				GCC_WARN_UNDECLARED_SELECTOR = YES;
				GCC_WARN_UNINITIALIZED_AUTOS = YES_AGGRESSIVE;
				GCC_WARN_UNUSED_FUNCTION = YES;
				GCC_WARN_UNUSED_VARIABLE = YES;
				IPHONEOS_DEPLOYMENT_TARGET = 14.4;
				MTL_ENABLE_DEBUG_INFO = NO;
				MTL_FAST_MATH = YES;
				SDKROOT = iphoneos;
				SWIFT_COMPILATION_MODE = wholemodule;
				SWIFT_OPTIMIZATION_LEVEL = "-O";
				VALIDATE_PRODUCT = YES;
			};
			name = Release;
		};
		339D322C262BCCBB00DA20D1 /* Debug */ = {
			isa = XCBuildConfiguration;
			baseConfigurationReference = 81768D1C9200F7F96B6FC4BE /* Pods-DemoBuild.debug.xcconfig */;
			buildSettings = {
				ASSETCATALOG_COMPILER_APPICON_NAME = AppIcon;
				ASSETCATALOG_COMPILER_GLOBAL_ACCENT_COLOR_NAME = AccentColor;
				CODE_SIGN_IDENTITY = "iPhone Distribution";
				CODE_SIGN_STYLE = Manual;
				DEVELOPMENT_TEAM = HR4AG4L2HC;
				INFOPLIST_FILE = DemoBuild/Info.plist;
				IPHONEOS_DEPLOYMENT_TARGET = 13.0;
				LD_RUNPATH_SEARCH_PATHS = (
					"$(inherited)",
					"@executable_path/Frameworks",
				);
				PRODUCT_BUNDLE_IDENTIFIER = com.dynamicdelivery.ent;
				PRODUCT_NAME = "$(TARGET_NAME)";
				PROVISIONING_PROFILE_SPECIFIER = Adhoc_DynamicDelivery_1.1;
				SWIFT_VERSION = 5.0;
				TARGETED_DEVICE_FAMILY = "1,2";
			};
			name = Debug;
		};
		339D322D262BCCBB00DA20D1 /* Release */ = {
			isa = XCBuildConfiguration;
			baseConfigurationReference = FEA4FA77A5CC840788439B49 /* Pods-DemoBuild.release.xcconfig */;
			buildSettings = {
				ASSETCATALOG_COMPILER_APPICON_NAME = AppIcon;
				ASSETCATALOG_COMPILER_GLOBAL_ACCENT_COLOR_NAME = AccentColor;
				CODE_SIGN_IDENTITY = "iPhone Distribution";
				CODE_SIGN_STYLE = Manual;
				DEVELOPMENT_TEAM = HR4AG4L2HC;
				INFOPLIST_FILE = DemoBuild/Info.plist;
				IPHONEOS_DEPLOYMENT_TARGET = 13.0;
				LD_RUNPATH_SEARCH_PATHS = (
					"$(inherited)",
					"@executable_path/Frameworks",
				);
				PRODUCT_BUNDLE_IDENTIFIER = com.dynamicdelivery.ent;
				PRODUCT_NAME = "$(TARGET_NAME)";
				PROVISIONING_PROFILE_SPECIFIER = Adhoc_DynamicDelivery_1.1;
				SWIFT_VERSION = 5.0;
				TARGETED_DEVICE_FAMILY = "1,2";
			};
			name = Release;
		};
/* End XCBuildConfiguration section */

/* Begin XCConfigurationList section */
		339D3212262BCCB800DA20D1 /* Build configuration list for PBXProject "DemoBuild" */ = {
			isa = XCConfigurationList;
			buildConfigurations = (
				339D3229262BCCBB00DA20D1 /* Debug */,
				339D322A262BCCBB00DA20D1 /* Release */,
			);
			defaultConfigurationIsVisible = 0;
			defaultConfigurationName = Release;
		};
		339D322B262BCCBB00DA20D1 /* Build configuration list for PBXNativeTarget "DemoBuild" */ = {
			isa = XCConfigurationList;
			buildConfigurations = (
				339D322C262BCCBB00DA20D1 /* Debug */,
				339D322D262BCCBB00DA20D1 /* Release */,
			);
			defaultConfigurationIsVisible = 0;
			defaultConfigurationName = Release;
		};
/* End XCConfigurationList section */
	};
	rootObject = 339D320F262BCCB800DA20D1 /* Project object */;
}
